
Microsoft Visual Studio Solution File, Format Version 12.00
# Visual Studio 15
VisualStudioVersion = 15.0.26403.3
MinimumVisualStudioVersion = 10.0.40219.1
Project("{FAE04EC0-301F-11D3-BF4B-00C04F79EFBC}") = "Utils", "Utils\Utils.csproj", "{ECC97920-6004-424D-A8C2-66934B40486E}"
EndProject
Project("{FAE04EC0-301F-11D3-BF4B-00C04F79EFBC}") = "UtilsTests", "UtilsTests\UtilsTests.csproj", "{E1DF965A-D366-4698-9548-B3F3B0CF255A}"
EndProject
Project("{FAE04EC0-301F-11D3-BF4B-00C04F79EFBC}") = "Probability.Markov", "Probability.Markov\Probability.Markov.csproj", "{35CE9001-9604-4AEB-B560-FB6D8E0177A9}"
EndProject
Project("{FAE04EC0-301F-11D3-BF4B-00C04F79EFBC}") = "Probability.MarkovTests", "Probability.MarkovTests\Probability.MarkovTests.csproj", "{DE7A24DF-F93B-4D3E-A72A-389C2F74123B}"
EndProject
Project("{FAE04EC0-301F-11D3-BF4B-00C04F79EFBC}") = "Probability.Base", "Probability.Base\Probability.Base.csproj", "{D282C75E-7EE9-40FA-AA2E-37F1DE12F0AF}"
EndProject
Project("{FAE04EC0-301F-11D3-BF4B-00C04F79EFBC}") = "Probability.BaseTests", "Probability.BaseTests\Probability.BaseTests.csproj", "{C7908886-85D3-4EE2-BC34-FA8F2F9B70F1}"
EndProject
Project("{FAE04EC0-301F-11D3-BF4B-00C04F79EFBC}") = "Learning.Base", "Learning.Base\Learning.Base.csproj", "{CB7F804F-03FB-4C2D-ADA3-416AC81DBA60}"
EndProject
Project("{FAE04EC0-301F-11D3-BF4B-00C04F79EFBC}") = "Learning.BaseTests", "Learning.BaseTests\Learning.BaseTests.csproj", "{F7DE7587-44E6-45C7-AEA1-96803AE3B029}"
EndProject
Project("{2150E333-8FDC-42A3-9474-1A3956D46DE8}") = "Solution Items", "Solution Items", "{D736354D-B56F-455E-BCC0-EB796FEE807A}"
	ProjectSection(SolutionItems) = preProject
		header.licenseheader = header.licenseheader
	EndProjectSection
EndProject
Project("{FAE04EC0-301F-11D3-BF4B-00C04F79EFBC}") = "Generation.Base", "Generation.Base\Generation.Base.csproj", "{5952F1E2-5BB0-4DB3-9429-11050FA5F542}"
EndProject
Project("{FAE04EC0-301F-11D3-BF4B-00C04F79EFBC}") = "Generation.BaseTests", "Generation.BaseTests\Generation.BaseTests.csproj", "{554625CD-2B8E-4535-8F90-519743B7105D}"
EndProject
Project("{FAE04EC0-301F-11D3-BF4B-00C04F79EFBC}") = "Statistics.Base", "Statistics.Base\Statistics.Base.csproj", "{AB270990-A046-45AE-8C32-C80CCC54DFCF}"
EndProject
Project("{FAE04EC0-301F-11D3-BF4B-00C04F79EFBC}") = "Math.Base", "Math.Base\Math.Base.csproj", "{CA3EDE93-FF26-4FFF-BB82-7C79227A9A13}"
EndProject
Project("{FAE04EC0-301F-11D3-BF4B-00C04F79EFBC}") = "Math.BaseTests", "Math.BaseTests\Math.BaseTests.csproj", "{FBF40114-828C-495F-B185-CDF89362E157}"
EndProject
Project("{FAE04EC0-301F-11D3-BF4B-00C04F79EFBC}") = "Statistics.BaseTests", "Statistics.BaseTests\Statistics.BaseTests.csproj", "{FB52136C-7239-4053-A090-6FD49E6461FB}"
EndProject
Global
	GlobalSection(SolutionConfigurationPlatforms) = preSolution
		Debug|Any CPU = Debug|Any CPU
		Release|Any CPU = Release|Any CPU
	EndGlobalSection
	GlobalSection(ProjectConfigurationPlatforms) = postSolution
		{ECC97920-6004-424D-A8C2-66934B40486E}.Debug|Any CPU.ActiveCfg = Debug|Any CPU
		{ECC97920-6004-424D-A8C2-66934B40486E}.Debug|Any CPU.Build.0 = Debug|Any CPU
		{ECC97920-6004-424D-A8C2-66934B40486E}.Release|Any CPU.ActiveCfg = Release|Any CPU
		{ECC97920-6004-424D-A8C2-66934B40486E}.Release|Any CPU.Build.0 = Release|Any CPU
		{E1DF965A-D366-4698-9548-B3F3B0CF255A}.Debug|Any CPU.ActiveCfg = Debug|Any CPU
		{E1DF965A-D366-4698-9548-B3F3B0CF255A}.Debug|Any CPU.Build.0 = Debug|Any CPU
		{E1DF965A-D366-4698-9548-B3F3B0CF255A}.Release|Any CPU.ActiveCfg = Release|Any CPU
		{E1DF965A-D366-4698-9548-B3F3B0CF255A}.Release|Any CPU.Build.0 = Release|Any CPU
		{35CE9001-9604-4AEB-B560-FB6D8E0177A9}.Debug|Any CPU.ActiveCfg = Debug|Any CPU
		{35CE9001-9604-4AEB-B560-FB6D8E0177A9}.Debug|Any CPU.Build.0 = Debug|Any CPU
		{35CE9001-9604-4AEB-B560-FB6D8E0177A9}.Release|Any CPU.ActiveCfg = Release|Any CPU
		{35CE9001-9604-4AEB-B560-FB6D8E0177A9}.Release|Any CPU.Build.0 = Release|Any CPU
		{DE7A24DF-F93B-4D3E-A72A-389C2F74123B}.Debug|Any CPU.ActiveCfg = Debug|Any CPU
		{DE7A24DF-F93B-4D3E-A72A-389C2F74123B}.Debug|Any CPU.Build.0 = Debug|Any CPU
		{DE7A24DF-F93B-4D3E-A72A-389C2F74123B}.Release|Any CPU.ActiveCfg = Release|Any CPU
		{DE7A24DF-F93B-4D3E-A72A-389C2F74123B}.Release|Any CPU.Build.0 = Release|Any CPU
		{D282C75E-7EE9-40FA-AA2E-37F1DE12F0AF}.Debug|Any CPU.ActiveCfg = Debug|Any CPU
		{D282C75E-7EE9-40FA-AA2E-37F1DE12F0AF}.Debug|Any CPU.Build.0 = Debug|Any CPU
		{D282C75E-7EE9-40FA-AA2E-37F1DE12F0AF}.Release|Any CPU.ActiveCfg = Release|Any CPU
		{D282C75E-7EE9-40FA-AA2E-37F1DE12F0AF}.Release|Any CPU.Build.0 = Release|Any CPU
		{C7908886-85D3-4EE2-BC34-FA8F2F9B70F1}.Debug|Any CPU.ActiveCfg = Debug|Any CPU
		{C7908886-85D3-4EE2-BC34-FA8F2F9B70F1}.Debug|Any CPU.Build.0 = Debug|Any CPU
		{C7908886-85D3-4EE2-BC34-FA8F2F9B70F1}.Release|Any CPU.ActiveCfg = Release|Any CPU
		{C7908886-85D3-4EE2-BC34-FA8F2F9B70F1}.Release|Any CPU.Build.0 = Release|Any CPU
		{CB7F804F-03FB-4C2D-ADA3-416AC81DBA60}.Debug|Any CPU.ActiveCfg = Debug|Any CPU
		{CB7F804F-03FB-4C2D-ADA3-416AC81DBA60}.Debug|Any CPU.Build.0 = Debug|Any CPU
		{CB7F804F-03FB-4C2D-ADA3-416AC81DBA60}.Release|Any CPU.ActiveCfg = Release|Any CPU
		{CB7F804F-03FB-4C2D-ADA3-416AC81DBA60}.Release|Any CPU.Build.0 = Release|Any CPU
		{F7DE7587-44E6-45C7-AEA1-96803AE3B029}.Debug|Any CPU.ActiveCfg = Debug|Any CPU
		{F7DE7587-44E6-45C7-AEA1-96803AE3B029}.Debug|Any CPU.Build.0 = Debug|Any CPU
		{F7DE7587-44E6-45C7-AEA1-96803AE3B029}.Release|Any CPU.ActiveCfg = Release|Any CPU
		{F7DE7587-44E6-45C7-AEA1-96803AE3B029}.Release|Any CPU.Build.0 = Release|Any CPU
		{5952F1E2-5BB0-4DB3-9429-11050FA5F542}.Debug|Any CPU.ActiveCfg = Debug|Any CPU
		{5952F1E2-5BB0-4DB3-9429-11050FA5F542}.Debug|Any CPU.Build.0 = Debug|Any CPU
		{5952F1E2-5BB0-4DB3-9429-11050FA5F542}.Release|Any CPU.ActiveCfg = Release|Any CPU
		{5952F1E2-5BB0-4DB3-9429-11050FA5F542}.Release|Any CPU.Build.0 = Release|Any CPU
		{554625CD-2B8E-4535-8F90-519743B7105D}.Debug|Any CPU.ActiveCfg = Debug|Any CPU
		{554625CD-2B8E-4535-8F90-519743B7105D}.Debug|Any CPU.Build.0 = Debug|Any CPU
		{554625CD-2B8E-4535-8F90-519743B7105D}.Release|Any CPU.ActiveCfg = Release|Any CPU
		{554625CD-2B8E-4535-8F90-519743B7105D}.Release|Any CPU.Build.0 = Release|Any CPU
		{AB270990-A046-45AE-8C32-C80CCC54DFCF}.Debug|Any CPU.ActiveCfg = Debug|Any CPU
		{AB270990-A046-45AE-8C32-C80CCC54DFCF}.Debug|Any CPU.Build.0 = Debug|Any CPU
		{AB270990-A046-45AE-8C32-C80CCC54DFCF}.Release|Any CPU.ActiveCfg = Release|Any CPU
		{AB270990-A046-45AE-8C32-C80CCC54DFCF}.Release|Any CPU.Build.0 = Release|Any CPU
		{CA3EDE93-FF26-4FFF-BB82-7C79227A9A13}.Debug|Any CPU.ActiveCfg = Debug|Any CPU
		{CA3EDE93-FF26-4FFF-BB82-7C79227A9A13}.Debug|Any CPU.Build.0 = Debug|Any CPU
		{CA3EDE93-FF26-4FFF-BB82-7C79227A9A13}.Release|Any CPU.ActiveCfg = Release|Any CPU
		{CA3EDE93-FF26-4FFF-BB82-7C79227A9A13}.Release|Any CPU.Build.0 = Release|Any CPU
		{FBF40114-828C-495F-B185-CDF89362E157}.Debug|Any CPU.ActiveCfg = Debug|Any CPU
		{FBF40114-828C-495F-B185-CDF89362E157}.Debug|Any CPU.Build.0 = Debug|Any CPU
		{FBF40114-828C-495F-B185-CDF89362E157}.Release|Any CPU.ActiveCfg = Release|Any CPU
		{FBF40114-828C-495F-B185-CDF89362E157}.Release|Any CPU.Build.0 = Release|Any CPU
		{FB52136C-7239-4053-A090-6FD49E6461FB}.Debug|Any CPU.ActiveCfg = Debug|Any CPU
		{FB52136C-7239-4053-A090-6FD49E6461FB}.Debug|Any CPU.Build.0 = Debug|Any CPU
		{FB52136C-7239-4053-A090-6FD49E6461FB}.Release|Any CPU.ActiveCfg = Release|Any CPU
		{FB52136C-7239-4053-A090-6FD49E6461FB}.Release|Any CPU.Build.0 = Release|Any CPU
	EndGlobalSection
	GlobalSection(SolutionProperties) = preSolution
		HideSolutionNode = FALSE
	EndGlobalSection
EndGlobal
